
Microsoft Visual Studio Solution File, Format Version 12.00
# Visual Studio Version 17
VisualStudioVersion = 17.5.33530.505
MinimumVisualStudioVersion = 10.0.40219.1
Project("{FAE04EC0-301F-11D3-BF4B-00C04F79EFBC}") = "Quizgame", "Quizgame\Quizgame.csproj", "{F4193CFD-104D-4488-B974-8C6688EF5FF7}"
EndProject
Global
	GlobalSection(SolutionConfigurationPlatforms) = preSolution
		Debug|Any CPU = Debug|Any CPU
		Release|Any CPU = Release|Any CPU
	EndGlobalSection
	GlobalSection(ProjectConfigurationPlatforms) = postSolution
		{F4193CFD-104D-4488-B974-8C6688EF5FF7}.Debug|Any CPU.ActiveCfg = Debug|Any CPU
		{F4193CFD-104D-4488-B974-8C6688EF5FF7}.Debug|Any CPU.Build.0 = Debug|Any CPU
		{F4193CFD-104D-4488-B974-8C6688EF5FF7}.Release|Any CPU.ActiveCfg = Release|Any CPU
		{F4193CFD-104D-4488-B974-8C6688EF5FF7}.Release|Any CPU.Build.0 = Release|Any CPU
	EndGlobalSection
	GlobalSection(SolutionProperties) = preSolution
		HideSolutionNode = FALSE
	EndGlobalSection
	GlobalSection(ExtensibilityGlobals) = postSolution
		SolutionGuid = {1429A6F8-A177-4E31-BE18-158EFDAFCF18}
	EndGlobalSection
EndGlobal
